<?xml version="1.0" encoding="UTF-8" standalone="yes" ?>
<CodeBlocks_project_file>
	<FileVersion major="1" minor="6" />
	<Project>
		<Option title="disruptor_ripper" />
		<Option pch_mode="2" />
		<Option compiler="gcc" />
		<Build>
			<Target title="Debug">
				<Option output="bin/Debug/disruptor_ripper" prefix_auto="1" extension_auto="1" />
				<Option object_output="obj/Debug/" />
				<Option type="1" />
				<Option compiler="gcc" />
				<Compiler>
					<Add option="-g" />
				</Compiler>
			</Target>
			<Target title="Release">
				<Option output="bin/Release/disruptor_ripper" prefix_auto="1" extension_auto="1" />
				<Option object_output="obj/Release/" />
				<Option type="1" />
				<Option compiler="tcc" />
			</Target>
		</Build>
		<Compiler>
			<Add option="-Wall" />
		</Compiler>
		<Unit filename="src/disruptor_ripper.c">
			<Option compilerVar="CC" />
		</Unit>
		<Unit filename="src/makedir.c">
			<Option compilerVar="CC" />
		</Unit>
		<Unit filename="src/makedir.h" />
		<Unit filename="src/pic_utils.c">
			<Option compilerVar="CC" />
		</Unit>
		<Unit filename="src/pic_utils.h" />
		<Unit filename="src/tga_utils.c">
			<Option compilerVar="CC" />
		</Unit>
		<Unit filename="src/tga_utils.h" />
		<Unit filename="src/utils.c">
			<Option compilerVar="CC" />
		</Unit>
		<Unit filename="src/utils.h" />
		<Extensions>
			<code_completion />
			<envvars />
			<debugger />
			<lib_finder disable_auto="1" />
		</Extensions>
	</Project>
</CodeBlocks_project_file>
